<?xml version="1.0" encoding="utf-8"?>
<Project ToolsVersion="4.0" xmlns="http://schemas.microsoft.com/developer/msbuild/2003">
  <ItemGroup>
    <Filter Include="Source Files">
      <UniqueIdentifier>{4FC737F1-C7A5-4376-A066-2A32D752A2FF}</UniqueIdentifier>
      <Extensions>cpp;c;cc;cxx;def;odl;idl;hpj;bat;asm;asmx</Extensions>
    </Filter>
    <Filter Include="Header Files">
      <UniqueIdentifier>{93995380-89BD-4b04-88EB-625FBE52EBFB}</UniqueIdentifier>
      <Extensions>h;hh;hpp;hxx;hm;inl;inc;xsd</Extensions>
    </Filter>
    <Filter Include="Resource Files">
      <UniqueIdentifier>{67DA6AB6-F800-4c08-8B7A-83BB121AAD01}</UniqueIdentifier>
      <Extensions>rc;ico;cur;bmp;dlg;rc2;rct;bin;rgs;gif;jpg;jpeg;jpe;resx;tiff;tif;png;wav;mfcribbon-ms</Extensions>
    </Filter>
  </ItemGroup>
  <ItemGroup>
    <ClCompile Include="Bomberman.cpp">
      <Filter>Source Files</Filter>
    </ClCompile>
<<<<<<< HEAD
    <ClCompile Include="MapObjects.cpp">
      <Filter>Source Files</Filter>
    </ClCompile>
    <ClCompile Include="SoftBlocks.cpp">
      <Filter>Source Files</Filter>
    </ClCompile>
    <ClCompile Include="HardBlocks.cpp">
      <Filter>Source Files</Filter>
    </ClCompile>
    <ClCompile Include="Door.cpp">
      <Filter>Source Files</Filter>
    </ClCompile>
    <ClCompile Include="Bomb.cpp">
      <Filter>Source Files</Filter>
    </ClCompile>
    <ClCompile Include="PowerUps.cpp">
      <Filter>Source Files</Filter>
    </ClCompile>
    <ClCompile Include="BombUp.cpp">
      <Filter>Source Files</Filter>
    </ClCompile>
    <ClCompile Include="Flames.cpp">
      <Filter>Source Files</Filter>
    </ClCompile>
    <ClCompile Include="SpeedUp.cpp">
      <Filter>Source Files</Filter>
    </ClCompile>
    <ClCompile Include="Wallpass.cpp">
      <Filter>Source Files</Filter>
    </ClCompile>
    <ClCompile Include="Detonator.cpp">
      <Filter>Source Files</Filter>
    </ClCompile>
    <ClCompile Include="Bombpass.cpp">
      <Filter>Source Files</Filter>
    </ClCompile>
    <ClCompile Include="Flamepass.cpp">
      <Filter>Source Files</Filter>
    </ClCompile>
    <ClCompile Include="Mystery.cpp">
=======
    <ClCompile Include="Object.cpp">
      <Filter>Source Files</Filter>
    </ClCompile>
    <ClCompile Include="Character.cpp">
      <Filter>Source Files</Filter>
    </ClCompile>
    <ClCompile Include="Player.cpp">
      <Filter>Source Files</Filter>
    </ClCompile>
    <ClCompile Include="Enemy.cpp">
      <Filter>Source Files</Filter>
    </ClCompile>
    <ClCompile Include="Ballom.cpp">
      <Filter>Source Files</Filter>
    </ClCompile>
    <ClCompile Include="ONeal.cpp">
      <Filter>Source Files</Filter>
    </ClCompile>
    <ClCompile Include="Dahl.cpp">
      <Filter>Source Files</Filter>
    </ClCompile>
    <ClCompile Include="Minvo.cpp">
      <Filter>Source Files</Filter>
    </ClCompile>
    <ClCompile Include="Doria.cpp">
      <Filter>Source Files</Filter>
    </ClCompile>
    <ClCompile Include="Ovape.cpp">
      <Filter>Source Files</Filter>
    </ClCompile>
    <ClCompile Include="Pass.cpp">
      <Filter>Source Files</Filter>
    </ClCompile>
    <ClCompile Include="Pontan.cpp">
>>>>>>> refs/remotes/origin/master
      <Filter>Source Files</Filter>
    </ClCompile>
  </ItemGroup>
  <ItemGroup>
<<<<<<< HEAD
    <ClInclude Include="MapObjects.h">
      <Filter>Header Files</Filter>
    </ClInclude>
    <ClInclude Include="SoftBlocks.h">
      <Filter>Header Files</Filter>
    </ClInclude>
    <ClInclude Include="HardBlocks.h">
      <Filter>Header Files</Filter>
    </ClInclude>
    <ClInclude Include="Door.h">
      <Filter>Header Files</Filter>
    </ClInclude>
    <ClInclude Include="Bomb.h">
      <Filter>Header Files</Filter>
    </ClInclude>
    <ClInclude Include="PowerUps.h">
      <Filter>Header Files</Filter>
    </ClInclude>
    <ClInclude Include="BombUp.h">
      <Filter>Header Files</Filter>
    </ClInclude>
    <ClInclude Include="Flames.h">
      <Filter>Header Files</Filter>
    </ClInclude>
    <ClInclude Include="SpeedUp.h">
      <Filter>Header Files</Filter>
    </ClInclude>
    <ClInclude Include="Wallpass.h">
      <Filter>Header Files</Filter>
    </ClInclude>
    <ClInclude Include="Detonator.h">
      <Filter>Header Files</Filter>
    </ClInclude>
    <ClInclude Include="Bombpass.h">
      <Filter>Header Files</Filter>
    </ClInclude>
    <ClInclude Include="Flamepass.h">
      <Filter>Header Files</Filter>
    </ClInclude>
    <ClInclude Include="Mystery.h">
=======
    <ClInclude Include="Object.h">
      <Filter>Header Files</Filter>
    </ClInclude>
    <ClInclude Include="Character.h">
      <Filter>Header Files</Filter>
    </ClInclude>
    <ClInclude Include="Player.h">
      <Filter>Header Files</Filter>
    </ClInclude>
    <ClInclude Include="Enemy.h">
      <Filter>Header Files</Filter>
    </ClInclude>
    <ClInclude Include="Ballom.h">
      <Filter>Header Files</Filter>
    </ClInclude>
    <ClInclude Include="ONeal.h">
      <Filter>Header Files</Filter>
    </ClInclude>
    <ClInclude Include="Dahl.h">
      <Filter>Header Files</Filter>
    </ClInclude>
    <ClInclude Include="Minvo.h">
      <Filter>Header Files</Filter>
    </ClInclude>
    <ClInclude Include="Doria.h">
      <Filter>Header Files</Filter>
    </ClInclude>
    <ClInclude Include="Ovape.h">
      <Filter>Header Files</Filter>
    </ClInclude>
    <ClInclude Include="Pass.h">
      <Filter>Header Files</Filter>
    </ClInclude>
    <ClInclude Include="Pontan.h">
>>>>>>> refs/remotes/origin/master
      <Filter>Header Files</Filter>
    </ClInclude>
  </ItemGroup>
</Project>