<?xml version="1.0" encoding="utf-8"?>
<Project ToolsVersion="4.0" xmlns="http://schemas.microsoft.com/developer/msbuild/2003">
  <ItemGroup>
    <ClCompile Include="Ballom.cpp" />
    <ClCompile Include="Bomb.cpp" />
    <ClCompile Include="Bomberman.cpp" />
    <ClCompile Include="Bombpass.cpp" />
    <ClCompile Include="BombUp.cpp" />
    <ClCompile Include="BPanel.cpp" />
    <ClCompile Include="Cola.cpp" />
    <ClCompile Include="Detonator.cpp" />
    <ClCompile Include="Dezeniman.cpp" />
    <ClCompile Include="Door.cpp" />
    <ClCompile Include="Explosion.cpp" />
    <ClCompile Include="Famicom.cpp" />
    <ClCompile Include="Flamepass.cpp" />
    <ClCompile Include="Flames.cpp" />
    <ClCompile Include="Goddess.cpp" />
    <ClCompile Include="HardBlocks.cpp" />
    <ClCompile Include="Items.cpp" />
    <ClCompile Include="MapObjects.cpp" />
    <ClCompile Include="Mystery.cpp" />
    <ClCompile Include="Nakamoto.cpp" />
    <ClCompile Include="PowerUps.cpp" />
    <ClCompile Include="SoftBlocks.cpp" />
    <ClCompile Include="Special.cpp" />
    <ClCompile Include="SpeedUp.cpp" />
    <ClCompile Include="Wallpass.cpp" />
    <ClCompile Include="Character.cpp" />
    <ClCompile Include="Dahl.cpp" />
    <ClCompile Include="Doria.cpp" />
    <ClCompile Include="Enemy.cpp" />
    <ClCompile Include="Minvo.cpp" />
    <ClCompile Include="Object.cpp" />
    <ClCompile Include="ONeal.cpp" />
    <ClCompile Include="Ovape.cpp" />
    <ClCompile Include="Pass.cpp" />
    <ClCompile Include="Player.cpp" />
    <ClCompile Include="Pontan.cpp" />
  </ItemGroup>
  <ItemGroup>
    <ClInclude Include="Ballom.h" />
    <ClInclude Include="Bomb.h" />
    <ClInclude Include="Bombpass.h" />
    <ClInclude Include="BombUp.h" />
    <ClInclude Include="BPanel.h" />
    <ClInclude Include="Cola.h" />
    <ClInclude Include="Detonator.h" />
    <ClInclude Include="Dezeniman.h" />
    <ClInclude Include="Door.h" />
    <ClInclude Include="Explosion.h" />
    <ClInclude Include="Famicom.h" />
    <ClInclude Include="Flamepass.h" />
    <ClInclude Include="Flames.h" />
    <ClInclude Include="Goddess.h" />
    <ClInclude Include="HardBlocks.h" />
    <ClInclude Include="Items.h" />
    <ClInclude Include="MapObjects.h" />
    <ClInclude Include="Mystery.h" />
    <ClInclude Include="Nakamoto.h" />
    <ClInclude Include="PowerUps.h" />
    <ClInclude Include="SoftBlocks.h" />
    <ClInclude Include="Special.h" />
    <ClInclude Include="SpeedUp.h" />
    <ClInclude Include="Wallpass.h" />
    <ClInclude Include="Character.h" />
    <ClInclude Include="Dahl.h" />
    <ClInclude Include="Doria.h" />
    <ClInclude Include="Enemy.h" />
    <ClInclude Include="Minvo.h" />
    <ClInclude Include="Object.h" />
    <ClInclude Include="ONeal.h" />
    <ClInclude Include="Ovape.h" />
    <ClInclude Include="Pass.h" />
    <ClInclude Include="Player.h" />
    <ClInclude Include="Pontan.h" />
  </ItemGroup>
</Project>